// !$*UTF8*$!
{
	archiveVersion = 1;
	classes = {
	};
	objectVersion = 50;
	objects = {

/* Begin PBXBuildFile section */
		3C1B4146210EA38A0072D14A /* AppDelegate.swift in Sources */ = {isa = PBXBuildFile; fileRef = 3C1B4145210EA38A0072D14A /* AppDelegate.swift */; };
		3C1B4148210EA38A0072D14A /* ComicViewController.swift in Sources */ = {isa = PBXBuildFile; fileRef = 3C1B4147210EA38A0072D14A /* ComicViewController.swift */; };
		3C1B414B210EA38A0072D14A /* ComicViewController.storyboard in Resources */ = {isa = PBXBuildFile; fileRef = 3C1B4149210EA38A0072D14A /* ComicViewController.storyboard */; };
		3C1B414D210EA38B0072D14A /* Assets.xcassets in Resources */ = {isa = PBXBuildFile; fileRef = 3C1B414C210EA38B0072D14A /* Assets.xcassets */; };
		3C1B4150210EA38B0072D14A /* LaunchScreen.storyboard in Resources */ = {isa = PBXBuildFile; fileRef = 3C1B414E210EA38B0072D14A /* LaunchScreen.storyboard */; };
		3C39036E211984BE001519D7 /* ComicViewModel.swift in Sources */ = {isa = PBXBuildFile; fileRef = 3C39036D211984BE001519D7 /* ComicViewModel.swift */; };
		3C39037221198831001519D7 /* RxAlamofire.framework in Frameworks */ = {isa = PBXBuildFile; fileRef = 3C39036F21198830001519D7 /* RxAlamofire.framework */; };
		3C39037321198831001519D7 /* Alamofire.framework in Frameworks */ = {isa = PBXBuildFile; fileRef = 3C39037021198831001519D7 /* Alamofire.framework */; };
		3C39037421198831001519D7 /* Kingfisher.framework in Frameworks */ = {isa = PBXBuildFile; fileRef = 3C39037121198831001519D7 /* Kingfisher.framework */; };
		3C39037621198A7A001519D7 /* ComicService.swift in Sources */ = {isa = PBXBuildFile; fileRef = 3C39037521198A7A001519D7 /* ComicService.swift */; };
		3C39037821198AB3001519D7 /* Comic.swift in Sources */ = {isa = PBXBuildFile; fileRef = 3C39037721198AB3001519D7 /* Comic.swift */; };
		3C6C38CB21197C220001DA77 /* RxSwift.framework in Frameworks */ = {isa = PBXBuildFile; fileRef = 3C6C38C921197C220001DA77 /* RxSwift.framework */; };
		3C6C38CC21197C220001DA77 /* RxCocoa.framework in Frameworks */ = {isa = PBXBuildFile; fileRef = 3C6C38CA21197C220001DA77 /* RxCocoa.framework */; };
/* End PBXBuildFile section */

/* Begin PBXFileReference section */
		3C1B4142210EA38A0072D14A /* RxSwift-Sample.app */ = {isa = PBXFileReference; explicitFileType = wrapper.application; includeInIndex = 0; path = "RxSwift-Sample.app"; sourceTree = BUILT_PRODUCTS_DIR; };
		3C1B4145210EA38A0072D14A /* AppDelegate.swift */ = {isa = PBXFileReference; lastKnownFileType = sourcecode.swift; path = AppDelegate.swift; sourceTree = "<group>"; };
		3C1B4147210EA38A0072D14A /* ComicViewController.swift */ = {isa = PBXFileReference; lastKnownFileType = sourcecode.swift; path = ComicViewController.swift; sourceTree = "<group>"; };
		3C1B414A210EA38A0072D14A /* Base */ = {isa = PBXFileReference; lastKnownFileType = file.storyboard; name = Base; path = Base.lproj/ComicViewController.storyboard; sourceTree = "<group>"; };
		3C1B414C210EA38B0072D14A /* Assets.xcassets */ = {isa = PBXFileReference; lastKnownFileType = folder.assetcatalog; path = Assets.xcassets; sourceTree = "<group>"; };
		3C1B414F210EA38B0072D14A /* Base */ = {isa = PBXFileReference; lastKnownFileType = file.storyboard; name = Base; path = Base.lproj/LaunchScreen.storyboard; sourceTree = "<group>"; };
		3C1B4151210EA38B0072D14A /* Info.plist */ = {isa = PBXFileReference; lastKnownFileType = text.plist.xml; path = Info.plist; sourceTree = "<group>"; };
		3C39036D211984BE001519D7 /* ComicViewModel.swift */ = {isa = PBXFileReference; lastKnownFileType = sourcecode.swift; path = ComicViewModel.swift; sourceTree = "<group>"; };
		3C39036F21198830001519D7 /* RxAlamofire.framework */ = {isa = PBXFileReference; lastKnownFileType = wrapper.framework; name = RxAlamofire.framework; path = Carthage/Build/iOS/RxAlamofire.framework; sourceTree = "<group>"; };
		3C39037021198831001519D7 /* Alamofire.framework */ = {isa = PBXFileReference; lastKnownFileType = wrapper.framework; name = Alamofire.framework; path = Carthage/Build/iOS/Alamofire.framework; sourceTree = "<group>"; };
		3C39037121198831001519D7 /* Kingfisher.framework */ = {isa = PBXFileReference; lastKnownFileType = wrapper.framework; name = Kingfisher.framework; path = Carthage/Build/iOS/Kingfisher.framework; sourceTree = "<group>"; };
		3C39037521198A7A001519D7 /* ComicService.swift */ = {isa = PBXFileReference; lastKnownFileType = sourcecode.swift; path = ComicService.swift; sourceTree = "<group>"; };
		3C39037721198AB3001519D7 /* Comic.swift */ = {isa = PBXFileReference; lastKnownFileType = sourcecode.swift; path = Comic.swift; sourceTree = "<group>"; };
		3C6C38C921197C220001DA77 /* RxSwift.framework */ = {isa = PBXFileReference; lastKnownFileType = wrapper.framework; name = RxSwift.framework; path = Carthage/Build/iOS/RxSwift.framework; sourceTree = "<group>"; };
		3C6C38CA21197C220001DA77 /* RxCocoa.framework */ = {isa = PBXFileReference; lastKnownFileType = wrapper.framework; name = RxCocoa.framework; path = Carthage/Build/iOS/RxCocoa.framework; sourceTree = "<group>"; };
/* End PBXFileReference section */

/* Begin PBXFrameworksBuildPhase section */
		3C1B413F210EA38A0072D14A /* Frameworks */ = {
			isa = PBXFrameworksBuildPhase;
			buildActionMask = 2147483647;
			files = (
				3C39037221198831001519D7 /* RxAlamofire.framework in Frameworks */,
				3C39037321198831001519D7 /* Alamofire.framework in Frameworks */,
				3C39037421198831001519D7 /* Kingfisher.framework in Frameworks */,
				3C6C38CB21197C220001DA77 /* RxSwift.framework in Frameworks */,
				3C6C38CC21197C220001DA77 /* RxCocoa.framework in Frameworks */,
			);
			runOnlyForDeploymentPostprocessing = 0;
		};
/* End PBXFrameworksBuildPhase section */

/* Begin PBXGroup section */
		3C1B4139210EA38A0072D14A = {
			isa = PBXGroup;
			children = (
				3C1B4144210EA38A0072D14A /* RxSwift-Sample */,
				3C1B4143210EA38A0072D14A /* Products */,
				3C6C38C821197C210001DA77 /* Frameworks */,
			);
			sourceTree = "<group>";
		};
		3C1B4143210EA38A0072D14A /* Products */ = {
			isa = PBXGroup;
			children = (
				3C1B4142210EA38A0072D14A /* RxSwift-Sample.app */,
			);
			name = Products;
			sourceTree = "<group>";
		};
		3C1B4144210EA38A0072D14A /* RxSwift-Sample */ = {
			isa = PBXGroup;
			children = (
				3C1B4145210EA38A0072D14A /* AppDelegate.swift */,
				3C1B4147210EA38A0072D14A /* ComicViewController.swift */,
				3C1B4149210EA38A0072D14A /* ComicViewController.storyboard */,
				3C39036D211984BE001519D7 /* ComicViewModel.swift */,
				3C39037521198A7A001519D7 /* ComicService.swift */,
				3C39037721198AB3001519D7 /* Comic.swift */,
				3C1B414C210EA38B0072D14A /* Assets.xcassets */,
				3C1B414E210EA38B0072D14A /* LaunchScreen.storyboard */,
				3C1B4151210EA38B0072D14A /* Info.plist */,
			);
			path = "RxSwift-Sample";
			sourceTree = "<group>";
		};
		3C6C38C821197C210001DA77 /* Frameworks */ = {
			isa = PBXGroup;
			children = (
				3C39037021198831001519D7 /* Alamofire.framework */,
				3C39037121198831001519D7 /* Kingfisher.framework */,
				3C39036F21198830001519D7 /* RxAlamofire.framework */,
				3C6C38CA21197C220001DA77 /* RxCocoa.framework */,
				3C6C38C921197C220001DA77 /* RxSwift.framework */,
			);
			name = Frameworks;
			sourceTree = "<group>";
		};
/* End PBXGroup section */

/* Begin PBXNativeTarget section */
		3C1B4141210EA38A0072D14A /* RxSwift-Sample */ = {
			isa = PBXNativeTarget;
			buildConfigurationList = 3C1B4154210EA38B0072D14A /* Build configuration list for PBXNativeTarget "RxSwift-Sample" */;
			buildPhases = (
				3C1B413E210EA38A0072D14A /* Sources */,
				3C1B413F210EA38A0072D14A /* Frameworks */,
				3C1B4140210EA38A0072D14A /* Resources */,
				3C6C38CD21197C380001DA77 /* Carthage Run Script */,
			);
			buildRules = (
			);
			dependencies = (
			);
			name = "RxSwift-Sample";
			productName = "RxSwift-Sample";
			productReference = 3C1B4142210EA38A0072D14A /* RxSwift-Sample.app */;
			productType = "com.apple.product-type.application";
		};
/* End PBXNativeTarget section */

/* Begin PBXProject section */
		3C1B413A210EA38A0072D14A /* Project object */ = {
			isa = PBXProject;
			attributes = {
				LastSwiftUpdateCheck = 0940;
				LastUpgradeCheck = 0940;
				ORGANIZATIONNAME = "Tsunemasa Hachiya";
				TargetAttributes = {
					3C1B4141210EA38A0072D14A = {
						CreatedOnToolsVersion = 9.4;
					};
				};
			};
			buildConfigurationList = 3C1B413D210EA38A0072D14A /* Build configuration list for PBXProject "RxSwift-Sample" */;
			compatibilityVersion = "Xcode 9.3";
			developmentRegion = en;
			hasScannedForEncodings = 0;
			knownRegions = (
				en,
				Base,
			);
			mainGroup = 3C1B4139210EA38A0072D14A;
			productRefGroup = 3C1B4143210EA38A0072D14A /* Products */;
			projectDirPath = "";
			projectRoot = "";
			targets = (
				3C1B4141210EA38A0072D14A /* RxSwift-Sample */,
			);
		};
/* End PBXProject section */

/* Begin PBXResourcesBuildPhase section */
		3C1B4140210EA38A0072D14A /* Resources */ = {
			isa = PBXResourcesBuildPhase;
			buildActionMask = 2147483647;
			files = (
				3C1B4150210EA38B0072D14A /* LaunchScreen.storyboard in Resources */,
				3C1B414D210EA38B0072D14A /* Assets.xcassets in Resources */,
				3C1B414B210EA38A0072D14A /* ComicViewController.storyboard in Resources */,
			);
			runOnlyForDeploymentPostprocessing = 0;
		};
/* End PBXResourcesBuildPhase section */

/* Begin PBXShellScriptBuildPhase section */
		3C6C38CD21197C380001DA77 /* Carthage Run Script */ = {
			isa = PBXShellScriptBuildPhase;
			buildActionMask = 2147483647;
			files = (
			);
			inputPaths = (
				"$(SRCROOT)/Carthage/Build/iOS/RxSwift.framework",
				"$(SRCROOT)/Carthage/Build/iOS/RxCocoa.framework",
				"$(SRCROOT)/Carthage/Build/iOS/Kingfisher.framework",
				"$(SRCROOT)/Carthage/Build/iOS/Alamofire.framework",
				"$(SRCROOT)/Carthage/Build/iOS/RxAlamofire.framework",
			);
			name = "Carthage Run Script";
			outputPaths = (
			);
			runOnlyForDeploymentPostprocessing = 0;
			shellPath = /bin/sh;
			shellScript = "/usr/local/bin/carthage copy-frameworks";
		};
/* End PBXShellScriptBuildPhase section */

/* Begin PBXSourcesBuildPhase section */
		3C1B413E210EA38A0072D14A /* Sources */ = {
			isa = PBXSourcesBuildPhase;
			buildActionMask = 2147483647;
			files = (
				3C39036E211984BE001519D7 /* ComicViewModel.swift in Sources */,
				3C39037621198A7A001519D7 /* ComicService.swift in Sources */,
				3C39037821198AB3001519D7 /* Comic.swift in Sources */,
				3C1B4148210EA38A0072D14A /* ComicViewController.swift in Sources */,
				3C1B4146210EA38A0072D14A /* AppDelegate.swift in Sources */,
			);
			runOnlyForDeploymentPostprocessing = 0;
		};
/* End PBXSourcesBuildPhase section */

/* Begin PBXVariantGroup section */
		3C1B4149210EA38A0072D14A /* ComicViewController.storyboard */ = {
			isa = PBXVariantGroup;
			children = (
				3C1B414A210EA38A0072D14A /* Base */,
			);
			name = ComicViewController.storyboard;
			sourceTree = "<group>";
		};
		3C1B414E210EA38B0072D14A /* LaunchScreen.storyboard */ = {
			isa = PBXVariantGroup;
			children = (
				3C1B414F210EA38B0072D14A /* Base */,
			);
			name = LaunchScreen.storyboard;
			sourceTree = "<group>";
		};
/* End PBXVariantGroup section */

/* Begin XCBuildConfiguration section */
		3C1B4152210EA38B0072D14A /* Debug */ = {
			isa = XCBuildConfiguration;
			buildSettings = {
				ALWAYS_SEARCH_USER_PATHS = NO;
				CLANG_ANALYZER_NONNULL = YES;
				CLANG_ANALYZER_NUMBER_OBJECT_CONVERSION = YES_AGGRESSIVE;
				CLANG_CXX_LANGUAGE_STANDARD = "gnu++14";
				CLANG_CXX_LIBRARY = "libc++";
				CLANG_ENABLE_MODULES = YES;
				CLANG_ENABLE_OBJC_ARC = YES;
				CLANG_ENABLE_OBJC_WEAK = YES;
				CLANG_WARN_BLOCK_CAPTURE_AUTORELEASING = YES;
				CLANG_WARN_BOOL_CONVERSION = YES;
				CLANG_WARN_COMMA = YES;
				CLANG_WARN_CONSTANT_CONVERSION = YES;
				CLANG_WARN_DEPRECATED_OBJC_IMPLEMENTATIONS = YES;
				CLANG_WARN_DIRECT_OBJC_ISA_USAGE = YES_ERROR;
				CLANG_WARN_DOCUMENTATION_COMMENTS = YES;
				CLANG_WARN_EMPTY_BODY = YES;
				CLANG_WARN_ENUM_CONVERSION = YES;
				CLANG_WARN_INFINITE_RECURSION = YES;
				CLANG_WARN_INT_CONVERSION = YES;
				CLANG_WARN_NON_LITERAL_NULL_CONVERSION = YES;
				CLANG_WARN_OBJC_IMPLICIT_RETAIN_SELF = YES;
				CLANG_WARN_OBJC_LITERAL_CONVERSION = YES;
				CLANG_WARN_OBJC_ROOT_CLASS = YES_ERROR;
				CLANG_WARN_RANGE_LOOP_ANALYSIS = YES;
				CLANG_WARN_STRICT_PROTOTYPES = YES;
				CLANG_WARN_SUSPICIOUS_MOVE = YES;
				CLANG_WARN_UNGUARDED_AVAILABILITY = YES_AGGRESSIVE;
				CLANG_WARN_UNREACHABLE_CODE = YES;
				CLANG_WARN__DUPLICATE_METHOD_MATCH = YES;
				CODE_SIGN_IDENTITY = "iPhone Developer";
				COPY_PHASE_STRIP = NO;
				DEBUG_INFORMATION_FORMAT = dwarf;
				ENABLE_STRICT_OBJC_MSGSEND = YES;
				ENABLE_TESTABILITY = YES;
				GCC_C_LANGUAGE_STANDARD = gnu11;
				GCC_DYNAMIC_NO_PIC = NO;
				GCC_NO_COMMON_BLOCKS = YES;
				GCC_OPTIMIZATION_LEVEL = 0;
				GCC_PREPROCESSOR_DEFINITIONS = (
					"DEBUG=1",
					"$(inherited)",
				);
				GCC_WARN_64_TO_32_BIT_CONVERSION = YES;
				GCC_WARN_ABOUT_RETURN_TYPE = YES_ERROR;
				GCC_WARN_UNDECLARED_SELECTOR = YES;
				GCC_WARN_UNINITIALIZED_AUTOS = YES_AGGRESSIVE;
				GCC_WARN_UNUSED_FUNCTION = YES;
				GCC_WARN_UNUSED_VARIABLE = YES;
				IPHONEOS_DEPLOYMENT_TARGET = 11.4;
				MTL_ENABLE_DEBUG_INFO = YES;
				ONLY_ACTIVE_ARCH = YES;
				SDKROOT = iphoneos;
				SWIFT_ACTIVE_COMPILATION_CONDITIONS = DEBUG;
				SWIFT_OPTIMIZATION_LEVEL = "-Onone";
			};
			name = Debug;
		};
		3C1B4153210EA38B0072D14A /* Release */ = {
			isa = XCBuildConfiguration;
			buildSettings = {
				ALWAYS_SEARCH_USER_PATHS = NO;
				CLANG_ANALYZER_NONNULL = YES;
				CLANG_ANALYZER_NUMBER_OBJECT_CONVERSION = YES_AGGRESSIVE;
				CLANG_CXX_LANGUAGE_STANDARD = "gnu++14";
				CLANG_CXX_LIBRARY = "libc++";
				CLANG_ENABLE_MODULES = YES;
				CLANG_ENABLE_OBJC_ARC = YES;
				CLANG_ENABLE_OBJC_WEAK = YES;
				CLANG_WARN_BLOCK_CAPTURE_AUTORELEASING = YES;
				CLANG_WARN_BOOL_CONVERSION = YES;
				CLANG_WARN_COMMA = YES;
				CLANG_WARN_CONSTANT_CONVERSION = YES;
				CLANG_WARN_DEPRECATED_OBJC_IMPLEMENTATIONS = YES;
				CLANG_WARN_DIRECT_OBJC_ISA_USAGE = YES_ERROR;
				CLANG_WARN_DOCUMENTATION_COMMENTS = YES;
				CLANG_WARN_EMPTY_BODY = YES;
				CLANG_WARN_ENUM_CONVERSION = YES;
				CLANG_WARN_INFINITE_RECURSION = YES;
				CLANG_WARN_INT_CONVERSION = YES;
				CLANG_WARN_NON_LITERAL_NULL_CONVERSION = YES;
				CLANG_WARN_OBJC_IMPLICIT_RETAIN_SELF = YES;
				CLANG_WARN_OBJC_LITERAL_CONVERSION = YES;
				CLANG_WARN_OBJC_ROOT_CLASS = YES_ERROR;
				CLANG_WARN_RANGE_LOOP_ANALYSIS = YES;
				CLANG_WARN_STRICT_PROTOTYPES = YES;
				CLANG_WARN_SUSPICIOUS_MOVE = YES;
				CLANG_WARN_UNGUARDED_AVAILABILITY = YES_AGGRESSIVE;
				CLANG_WARN_UNREACHABLE_CODE = YES;
				CLANG_WARN__DUPLICATE_METHOD_MATCH = YES;
				CODE_SIGN_IDENTITY = "iPhone Developer";
				COPY_PHASE_STRIP = NO;
				DEBUG_INFORMATION_FORMAT = "dwarf-with-dsym";
				ENABLE_NS_ASSERTIONS = NO;
				ENABLE_STRICT_OBJC_MSGSEND = YES;
				GCC_C_LANGUAGE_STANDARD = gnu11;
				GCC_NO_COMMON_BLOCKS = YES;
				GCC_WARN_64_TO_32_BIT_CONVERSION = YES;
				GCC_WARN_ABOUT_RETURN_TYPE = YES_ERROR;
				GCC_WARN_UNDECLARED_SELECTOR = YES;
				GCC_WARN_UNINITIALIZED_AUTOS = YES_AGGRESSIVE;
				GCC_WARN_UNUSED_FUNCTION = YES;
				GCC_WARN_UNUSED_VARIABLE = YES;
				IPHONEOS_DEPLOYMENT_TARGET = 11.4;
				MTL_ENABLE_DEBUG_INFO = NO;
				SDKROOT = iphoneos;
				SWIFT_COMPILATION_MODE = wholemodule;
				SWIFT_OPTIMIZATION_LEVEL = "-O";
				VALIDATE_PRODUCT = YES;
			};
			name = Release;
		};
		3C1B4155210EA38B0072D14A /* Debug */ = {
			isa = XCBuildConfiguration;
			buildSettings = {
				ASSETCATALOG_COMPILER_APPICON_NAME = AppIcon;
				CODE_SIGN_STYLE = Automatic;
				FRAMEWORK_SEARCH_PATHS = (
					"$(inherited)",
					"$(PROJECT_DIR)/Carthage/Build/iOS",
				);
				INFOPLIST_FILE = "RxSwift-Sample/Info.plist";
				IPHONEOS_DEPLOYMENT_TARGET = 10.4;
				LD_RUNPATH_SEARCH_PATHS = (
					"$(inherited)",
					"@executable_path/Frameworks",
				);
				PRODUCT_BUNDLE_IDENTIFIER = "me.eighty8.RxSwift-Sample";
				PRODUCT_NAME = "$(TARGET_NAME)";
				SWIFT_VERSION = 4.0;
				TARGETED_DEVICE_FAMILY = 1;
			};
			name = Debug;
		};
		3C1B4156210EA38B0072D14A /* Release */ = {
			isa = XCBuildConfiguration;
			buildSettings = {
				ASSETCATALOG_COMPILER_APPICON_NAME = AppIcon;
				CODE_SIGN_STYLE = Automatic;
				FRAMEWORK_SEARCH_PATHS = (
					"$(inherited)",
					"$(PROJECT_DIR)/Carthage/Build/iOS",
				);
				INFOPLIST_FILE = "RxSwift-Sample/Info.plist";
				IPHONEOS_DEPLOYMENT_TARGET = 10.4;
				LD_RUNPATH_SEARCH_PATHS = (
					"$(inherited)",
					"@executable_path/Frameworks",
				);
				PRODUCT_BUNDLE_IDENTIFIER = "me.eighty8.RxSwift-Sample";
				PRODUCT_NAME = "$(TARGET_NAME)";
				SWIFT_VERSION = 4.0;
				TARGETED_DEVICE_FAMILY = 1;
			};
			name = Release;
		};
/* End XCBuildConfiguration section */

/* Begin XCConfigurationList section */
		3C1B413D210EA38A0072D14A /* Build configuration list for PBXProject "RxSwift-Sample" */ = {
			isa = XCConfigurationList;
			buildConfigurations = (
				3C1B4152210EA38B0072D14A /* Debug */,
				3C1B4153210EA38B0072D14A /* Release */,
			);
			defaultConfigurationIsVisible = 0;
			defaultConfigurationName = Release;
		};
		3C1B4154210EA38B0072D14A /* Build configuration list for PBXNativeTarget "RxSwift-Sample" */ = {
			isa = XCConfigurationList;
			buildConfigurations = (
				3C1B4155210EA38B0072D14A /* Debug */,
				3C1B4156210EA38B0072D14A /* Release */,
			);
			defaultConfigurationIsVisible = 0;
			defaultConfigurationName = Release;
		};
/* End XCConfigurationList section */
	};
	rootObject = 3C1B413A210EA38A0072D14A /* Project object */;
}
